
Microsoft Visual Studio Solution File, Format Version 12.00
# Visual Studio Version 16
VisualStudioVersion = 25.0.1704.3
MinimumVisualStudioVersion = 10.0.40219.1
Project("{FAE04EC0-301F-11D3-BF4B-00C04F79EFBC}") = "HW2", "HW2\HW2.csproj", "{47E598F5-C949-4DAA-A384-537533074AC2}"
EndProject
Global
	GlobalSection(SolutionConfigurationPlatforms) = preSolution
		Debug|Any CPU = Debug|Any CPU
		Release|Any CPU = Release|Any CPU
	EndGlobalSection
	GlobalSection(ProjectConfigurationPlatforms) = postSolution
		{47E598F5-C949-4DAA-A384-537533074AC2}.Debug|Any CPU.ActiveCfg = Debug|Any CPU
		{47E598F5-C949-4DAA-A384-537533074AC2}.Debug|Any CPU.Build.0 = Debug|Any CPU
		{47E598F5-C949-4DAA-A384-537533074AC2}.Release|Any CPU.ActiveCfg = Release|Any CPU
		{47E598F5-C949-4DAA-A384-537533074AC2}.Release|Any CPU.Build.0 = Release|Any CPU
	EndGlobalSection
	GlobalSection(SolutionProperties) = preSolution
		HideSolutionNode = FALSE
	EndGlobalSection
	GlobalSection(ExtensibilityGlobals) = postSolution
		SolutionGuid = {717C50C4-30F4-4D55-BD9E-4DF48CD340F3}
	EndGlobalSection
EndGlobal
