
Microsoft Visual Studio Solution File, Format Version 12.00
# Visual Studio Version 17
VisualStudioVersion = 17.4.33213.308
MinimumVisualStudioVersion = 10.0.40219.1
Project("{9A19103F-16F7-4668-BE54-9A1E7A4F7556}") = "HWK4", "HWK4\HWK4.csproj", "{A5AFAC56-B0AF-4CCF-8E6E-730A960BF985}"
EndProject
Project("{9A19103F-16F7-4668-BE54-9A1E7A4F7556}") = "WebApplication1", "WebApplication1\WebApplication1.csproj", "{FFE10A71-2324-489E-9D28-BA82AB5A63F4}"
EndProject
Global
	GlobalSection(SolutionConfigurationPlatforms) = preSolution
		Debug|Any CPU = Debug|Any CPU
		Release|Any CPU = Release|Any CPU
	EndGlobalSection
	GlobalSection(ProjectConfigurationPlatforms) = postSolution
		{A5AFAC56-B0AF-4CCF-8E6E-730A960BF985}.Debug|Any CPU.ActiveCfg = Debug|Any CPU
		{A5AFAC56-B0AF-4CCF-8E6E-730A960BF985}.Debug|Any CPU.Build.0 = Debug|Any CPU
		{A5AFAC56-B0AF-4CCF-8E6E-730A960BF985}.Release|Any CPU.ActiveCfg = Release|Any CPU
		{A5AFAC56-B0AF-4CCF-8E6E-730A960BF985}.Release|Any CPU.Build.0 = Release|Any CPU
		{FFE10A71-2324-489E-9D28-BA82AB5A63F4}.Debug|Any CPU.ActiveCfg = Debug|Any CPU
		{FFE10A71-2324-489E-9D28-BA82AB5A63F4}.Debug|Any CPU.Build.0 = Debug|Any CPU
		{FFE10A71-2324-489E-9D28-BA82AB5A63F4}.Release|Any CPU.ActiveCfg = Release|Any CPU
		{FFE10A71-2324-489E-9D28-BA82AB5A63F4}.Release|Any CPU.Build.0 = Release|Any CPU
	EndGlobalSection
	GlobalSection(SolutionProperties) = preSolution
		HideSolutionNode = FALSE
	EndGlobalSection
	GlobalSection(ExtensibilityGlobals) = postSolution
		SolutionGuid = {5F119276-9228-4656-8EA1-5A10465FABCF}
	EndGlobalSection
EndGlobal
